
Microsoft Visual Studio Solution File, Format Version 12.00
# Visual Studio Version 17
VisualStudioVersion = 17.0.32112.339
MinimumVisualStudioVersion = 10.0.40219.1
Project("{FAE04EC0-301F-11D3-BF4B-00C04F79EFBC}") = "ScoreCalculator", "ScoreCalculator\ScoreCalculator.csproj", "{B0EE726D-7BCC-4D51-8CE1-5FA30A8F360D}"
EndProject
Global
	GlobalSection(SolutionConfigurationPlatforms) = preSolution
		Debug|Any CPU = Debug|Any CPU
		Release|Any CPU = Release|Any CPU
	EndGlobalSection
	GlobalSection(ProjectConfigurationPlatforms) = postSolution
		{B0EE726D-7BCC-4D51-8CE1-5FA30A8F360D}.Debug|Any CPU.ActiveCfg = Debug|Any CPU
		{B0EE726D-7BCC-4D51-8CE1-5FA30A8F360D}.Debug|Any CPU.Build.0 = Debug|Any CPU
		{B0EE726D-7BCC-4D51-8CE1-5FA30A8F360D}.Release|Any CPU.ActiveCfg = Release|Any CPU
		{B0EE726D-7BCC-4D51-8CE1-5FA30A8F360D}.Release|Any CPU.Build.0 = Release|Any CPU
	EndGlobalSection
	GlobalSection(SolutionProperties) = preSolution
		HideSolutionNode = FALSE
	EndGlobalSection
	GlobalSection(ExtensibilityGlobals) = postSolution
		SolutionGuid = {72565F97-A57F-4696-888E-FF8633E5A321}
	EndGlobalSection
EndGlobal
