
Microsoft Visual Studio Solution File, Format Version 12.00
# Visual Studio Version 17
VisualStudioVersion = 17.0.32112.339
MinimumVisualStudioVersion = 10.0.40219.1
Project("{FAE04EC0-301F-11D3-BF4B-00C04F79EFBC}") = "InvoiceTotal", "InvoiceTotal\InvoiceTotal.csproj", "{8B620CBD-910D-4758-9D91-996CAED091EB}"
EndProject
Global
	GlobalSection(SolutionConfigurationPlatforms) = preSolution
		Debug|Any CPU = Debug|Any CPU
		Release|Any CPU = Release|Any CPU
	EndGlobalSection
	GlobalSection(ProjectConfigurationPlatforms) = postSolution
		{8B620CBD-910D-4758-9D91-996CAED091EB}.Debug|Any CPU.ActiveCfg = Debug|Any CPU
		{8B620CBD-910D-4758-9D91-996CAED091EB}.Debug|Any CPU.Build.0 = Debug|Any CPU
		{8B620CBD-910D-4758-9D91-996CAED091EB}.Release|Any CPU.ActiveCfg = Release|Any CPU
		{8B620CBD-910D-4758-9D91-996CAED091EB}.Release|Any CPU.Build.0 = Release|Any CPU
	EndGlobalSection
	GlobalSection(SolutionProperties) = preSolution
		HideSolutionNode = FALSE
	EndGlobalSection
	GlobalSection(ExtensibilityGlobals) = postSolution
		SolutionGuid = {F06699C7-A597-47BB-B41D-34AF525372CC}
	EndGlobalSection
EndGlobal
