
Microsoft Visual Studio Solution File, Format Version 12.00
# Visual Studio Version 16
VisualStudioVersion = 16.0.30611.23
MinimumVisualStudioVersion = 10.0.40219.1
Project("{FAE04EC0-301F-11D3-BF4B-00C04F79EFBC}") = "StringHandling", "StringHandling\StringHandling.csproj", "{62B75AB3-8452-4C82-9975-C6122D0BFEB8}"
EndProject
Global
	GlobalSection(SolutionConfigurationPlatforms) = preSolution
		Debug|Any CPU = Debug|Any CPU
		Release|Any CPU = Release|Any CPU
	EndGlobalSection
	GlobalSection(ProjectConfigurationPlatforms) = postSolution
		{62B75AB3-8452-4C82-9975-C6122D0BFEB8}.Debug|Any CPU.ActiveCfg = Debug|Any CPU
		{62B75AB3-8452-4C82-9975-C6122D0BFEB8}.Debug|Any CPU.Build.0 = Debug|Any CPU
		{62B75AB3-8452-4C82-9975-C6122D0BFEB8}.Release|Any CPU.ActiveCfg = Release|Any CPU
		{62B75AB3-8452-4C82-9975-C6122D0BFEB8}.Release|Any CPU.Build.0 = Release|Any CPU
	EndGlobalSection
	GlobalSection(SolutionProperties) = preSolution
		HideSolutionNode = FALSE
	EndGlobalSection
	GlobalSection(ExtensibilityGlobals) = postSolution
		SolutionGuid = {735ABC9F-1BAD-4688-ACED-4E2F503FBE48}
	EndGlobalSection
EndGlobal
