
Microsoft Visual Studio Solution File, Format Version 12.00
# Visual Studio Version 17
VisualStudioVersion = 17.0.32126.317
MinimumVisualStudioVersion = 10.0.40219.1
Project("{FAE04EC0-301F-11D3-BF4B-00C04F79EFBC}") = "ConsoleApp1", "ConsoleApp1\ConsoleApp1.csproj", "{E1F56CF3-9C86-4D81-B17B-134D62CB25B2}"
EndProject
Global
	GlobalSection(SolutionConfigurationPlatforms) = preSolution
		Debug|Any CPU = Debug|Any CPU
		Release|Any CPU = Release|Any CPU
	EndGlobalSection
	GlobalSection(ProjectConfigurationPlatforms) = postSolution
		{E1F56CF3-9C86-4D81-B17B-134D62CB25B2}.Debug|Any CPU.ActiveCfg = Debug|Any CPU
		{E1F56CF3-9C86-4D81-B17B-134D62CB25B2}.Debug|Any CPU.Build.0 = Debug|Any CPU
		{E1F56CF3-9C86-4D81-B17B-134D62CB25B2}.Release|Any CPU.ActiveCfg = Release|Any CPU
		{E1F56CF3-9C86-4D81-B17B-134D62CB25B2}.Release|Any CPU.Build.0 = Release|Any CPU
	EndGlobalSection
	GlobalSection(SolutionProperties) = preSolution
		HideSolutionNode = FALSE
	EndGlobalSection
	GlobalSection(ExtensibilityGlobals) = postSolution
		SolutionGuid = {6437DE5D-4F7F-4CA5-B3AE-D19C99F3FDC4}
	EndGlobalSection
EndGlobal
